{"1.2.0",
[{<<"backoff">>,{pkg,<<"backoff">>,<<"1.1.6">>},1},
 {<<"cowboy">>,{pkg,<<"cowboy">>,<<"2.9.0">>},0},
 {<<"cowlib">>,{pkg,<<"cowlib">>,<<"2.11.0">>},1},
 {<<"opentelemetry_api">>,{pkg,<<"opentelemetry_api">>,<<"1.1.1">>},1},
 {<<"pg_types">>,{pkg,<<"pg_types">>,<<"0.4.0">>},1},
 {<<"pgo">>,{pkg,<<"pgo">>,<<"0.13.0">>},0},
 {<<"ranch">>,{pkg,<<"ranch">>,<<"1.8.0">>},1},
 {<<"thoas">>,{pkg,<<"thoas">>,<<"0.4.0">>},0}]}.
[
{pkg_hash,[
 {<<"backoff">>, <<"83B72ED2108BA1EE8F7D1C22E0B4A00CFE3593A67DBC792799E8CCE9F42F796B">>},
 {<<"cowboy">>, <<"865DD8B6607E14CF03282E10E934023A1BD8BE6F6BACF921A7E2A96D800CD452">>},
 {<<"cowlib">>, <<"0B9FF9C346629256C42EBE1EEB769A83C6CB771A6EE5960BD110AB0B9B872063">>},
 {<<"opentelemetry_api">>, <<"3B43877C456C8A7F5448A95D9BF4FB4BB8CC2ABBBEA2C62D5F8E8C538B4AF14F">>},
 {<<"pg_types">>, <<"3CE365C92903C5BB59C0D56382D842C8C610C1B6F165E20C4B652C96FA7E9C14">>},
 {<<"pgo">>, <<"2FE80780DC3D6B7C1D02300849B0F8F3616D149FE7B46CDB51D5D424F51247FF">>},
 {<<"ranch">>, <<"8C7A100A139FD57F17327B6413E4167AC559FBC04CA7448E9BE9057311597A1D">>},
 {<<"thoas">>, <<"86A72CCDC5EC388A13F9F843BCD6C1076640233B95440E47FFB8E3C0DBDB5A17">>}]},
{pkg_hash_ext,[
 {<<"backoff">>, <<"CF0CFFF8995FB20562F822E5CC47D8CCF664C5ECDC26A684CBE85C225F9D7C39">>},
 {<<"cowboy">>, <<"2C729F934B4E1AA149AFF882F57C6372C15399A20D54F65C8D67BEF583021BDE">>},
 {<<"cowlib">>, <<"2B3E9DA0B21C4565751A6D4901C20D1B4CC25CBB7FD50D91D2AB6DD287BC86A9">>},
 {<<"opentelemetry_api">>, <<"A9554B3208B60A70043318D051EA78FBBC7A1B8F4C418EBC16CCB40015995675">>},
 {<<"pg_types">>, <<"B02EFA785CAECECF9702C681C80A9CA12A39F9161A846CE17B01FB20AEEED7EB">>},
 {<<"pgo">>, <<"1B0ADAB78300D23FD49A0D03A987EC9531960FDB208F51C3E07AED9F5367523B">>},
 {<<"ranch">>, <<"49FBCFD3682FAB1F5D109351B61257676DA1A2FDBE295904176D5E521A2DDFE5">>},
 {<<"thoas">>, <<"442296847ACA11DB8D25180693D7CA3073D6D7179F66952F07B16415306513B6">>}]}
].
